
Microsoft Visual Studio Solution File, Format Version 12.00
# Visual Studio Version 16
VisualStudioVersion = 16.0.31515.178
MinimumVisualStudioVersion = 10.0.40219.1
Project("{2150E333-8FDC-42A3-9474-1A3956D46DE8}") = "Services", "Services", "{64FF2DE6-E22C-4F8D-8814-71C4D139DF36}"
EndProject
Project("{2150E333-8FDC-42A3-9474-1A3956D46DE8}") = "Catalog", "Catalog", "{1A123C3B-DC01-4AE2-BD1D-8F8246B1D9C7}"
EndProject
Project("{9A19103F-16F7-4668-BE54-9A1E7A4F7556}") = "Catalog.API", "Services\Catalog\Catalog.API\Catalog.API.csproj", "{666B1ACC-6A0E-4C66-9F5C-089A0E7EB1C6}"
EndProject
Project("{E53339B2-1760-4266-BCC7-CA923CBCF16C}") = "docker-compose", "docker-compose.dcproj", "{BE431FA3-1A4D-464F-84EC-F3A7449BD8AC}"
EndProject
Project("{2150E333-8FDC-42A3-9474-1A3956D46DE8}") = "Basket", "Basket", "{7749CC24-A422-4BF7-A645-C8C4377D924D}"
EndProject
Project("{FAE04EC0-301F-11D3-BF4B-00C04F79EFBC}") = "Basket.API", "Services\Basket\Basket.API\Basket.API.csproj", "{E1D0D90F-C557-4403-AAB5-6D43C3937951}"
EndProject
Global
	GlobalSection(SolutionConfigurationPlatforms) = preSolution
		Debug|Any CPU = Debug|Any CPU
		Release|Any CPU = Release|Any CPU
	EndGlobalSection
	GlobalSection(ProjectConfigurationPlatforms) = postSolution
		{666B1ACC-6A0E-4C66-9F5C-089A0E7EB1C6}.Debug|Any CPU.ActiveCfg = Debug|Any CPU
		{666B1ACC-6A0E-4C66-9F5C-089A0E7EB1C6}.Debug|Any CPU.Build.0 = Debug|Any CPU
		{666B1ACC-6A0E-4C66-9F5C-089A0E7EB1C6}.Release|Any CPU.ActiveCfg = Release|Any CPU
		{666B1ACC-6A0E-4C66-9F5C-089A0E7EB1C6}.Release|Any CPU.Build.0 = Release|Any CPU
		{BE431FA3-1A4D-464F-84EC-F3A7449BD8AC}.Debug|Any CPU.ActiveCfg = Debug|Any CPU
		{BE431FA3-1A4D-464F-84EC-F3A7449BD8AC}.Debug|Any CPU.Build.0 = Debug|Any CPU
		{BE431FA3-1A4D-464F-84EC-F3A7449BD8AC}.Release|Any CPU.ActiveCfg = Release|Any CPU
		{BE431FA3-1A4D-464F-84EC-F3A7449BD8AC}.Release|Any CPU.Build.0 = Release|Any CPU
		{E1D0D90F-C557-4403-AAB5-6D43C3937951}.Debug|Any CPU.ActiveCfg = Debug|Any CPU
		{E1D0D90F-C557-4403-AAB5-6D43C3937951}.Debug|Any CPU.Build.0 = Debug|Any CPU
		{E1D0D90F-C557-4403-AAB5-6D43C3937951}.Release|Any CPU.ActiveCfg = Release|Any CPU
		{E1D0D90F-C557-4403-AAB5-6D43C3937951}.Release|Any CPU.Build.0 = Release|Any CPU
	EndGlobalSection
	GlobalSection(SolutionProperties) = preSolution
		HideSolutionNode = FALSE
	EndGlobalSection
	GlobalSection(NestedProjects) = preSolution
		{1A123C3B-DC01-4AE2-BD1D-8F8246B1D9C7} = {64FF2DE6-E22C-4F8D-8814-71C4D139DF36}
		{666B1ACC-6A0E-4C66-9F5C-089A0E7EB1C6} = {1A123C3B-DC01-4AE2-BD1D-8F8246B1D9C7}
		{7749CC24-A422-4BF7-A645-C8C4377D924D} = {64FF2DE6-E22C-4F8D-8814-71C4D139DF36}
		{E1D0D90F-C557-4403-AAB5-6D43C3937951} = {7749CC24-A422-4BF7-A645-C8C4377D924D}
	EndGlobalSection
	GlobalSection(ExtensibilityGlobals) = postSolution
		SolutionGuid = {F6F9237D-1F16-4761-AC88-8540FC24B790}
	EndGlobalSection
EndGlobal
